
Microsoft Visual Studio Solution File, Format Version 12.00
# Visual Studio 15
VisualStudioVersion = 15.0.27428.2011
MinimumVisualStudioVersion = 10.0.40219.1
Project("{9A19103F-16F7-4668-BE54-9A1E7A4F7556}") = "Todos_dotnet", "Todos_dotnet.csproj", "{142D19E6-DDEC-4B7E-94EB-536059F553BC}"
EndProject
Global
	GlobalSection(SolutionConfigurationPlatforms) = preSolution
		Debug|Any CPU = Debug|Any CPU
		Release|Any CPU = Release|Any CPU
	EndGlobalSection
	GlobalSection(ProjectConfigurationPlatforms) = postSolution
		{142D19E6-DDEC-4B7E-94EB-536059F553BC}.Debug|Any CPU.ActiveCfg = Debug|Any CPU
		{142D19E6-DDEC-4B7E-94EB-536059F553BC}.Debug|Any CPU.Build.0 = Debug|Any CPU
		{142D19E6-DDEC-4B7E-94EB-536059F553BC}.Release|Any CPU.ActiveCfg = Release|Any CPU
		{142D19E6-DDEC-4B7E-94EB-536059F553BC}.Release|Any CPU.Build.0 = Release|Any CPU
	EndGlobalSection
	GlobalSection(SolutionProperties) = preSolution
		HideSolutionNode = FALSE
	EndGlobalSection
	GlobalSection(ExtensibilityGlobals) = postSolution
		SolutionGuid = {79B37B92-A318-4229-93DE-D0E040406F9A}
	EndGlobalSection
EndGlobal
